
Microsoft Visual Studio Solution File, Format Version 12.00
# Visual Studio Version 17
VisualStudioVersion = 17.2.32630.192
MinimumVisualStudioVersion = 10.0.40219.1
Project("{FAE04EC0-301F-11D3-BF4B-00C04F79EFBC}") = "WinChat", "WinChat\WinChat.csproj", "{C5AF2A2A-2809-4047-9A15-798996EDF974}"
EndProject
Global
	GlobalSection(SolutionConfigurationPlatforms) = preSolution
		Debug|Any CPU = Debug|Any CPU
		Release|Any CPU = Release|Any CPU
	EndGlobalSection
	GlobalSection(ProjectConfigurationPlatforms) = postSolution
		{C5AF2A2A-2809-4047-9A15-798996EDF974}.Debug|Any CPU.ActiveCfg = Debug|Any CPU
		{C5AF2A2A-2809-4047-9A15-798996EDF974}.Debug|Any CPU.Build.0 = Debug|Any CPU
		{C5AF2A2A-2809-4047-9A15-798996EDF974}.Release|Any CPU.ActiveCfg = Release|Any CPU
		{C5AF2A2A-2809-4047-9A15-798996EDF974}.Release|Any CPU.Build.0 = Release|Any CPU
	EndGlobalSection
	GlobalSection(SolutionProperties) = preSolution
		HideSolutionNode = FALSE
	EndGlobalSection
	GlobalSection(ExtensibilityGlobals) = postSolution
		SolutionGuid = {998D7CC2-22C7-4C77-BD9B-7C23BF006A1D}
	EndGlobalSection
EndGlobal
